
Microsoft Visual Studio Solution File, Format Version 12.00
# Visual Studio Version 17
VisualStudioVersion = 17.11.35222.181
MinimumVisualStudioVersion = 10.0.40219.1
Project("{9A19103F-16F7-4668-BE54-9A1E7A4F7556}") = "MonopolyConsole.Archive", "MonopolyConsole.Archive\MonopolyConsole.Archive.csproj", "{A2664527-722F-45EF-AD67-84DBE07BACCD}"
EndProject
Project("{FAE04EC0-301F-11D3-BF4B-00C04F79EFBC}") = "MonopolyConsole.Data", "MonopolyConsole.Data\MonopolyConsole.Data.csproj", "{34CC1689-AD3D-4DB8-9F7D-9A1C6CD05151}"
EndProject
Project("{FAE04EC0-301F-11D3-BF4B-00C04F79EFBC}") = "MonopolyConsole.Core", "MonopolyConsole.Core\MonopolyConsole.Core.csproj", "{CA920815-5D74-456B-AFC4-44D5959AC469}"
EndProject
Project("{FAE04EC0-301F-11D3-BF4B-00C04F79EFBC}") = "MonopolyConsole.App", "MonopolyConsole.App\MonopolyConsole.App.csproj", "{E2D812F8-9C8C-43D2-9080-93EC53CEA587}"
EndProject
Project("{FAE04EC0-301F-11D3-BF4B-00C04F79EFBC}") = "MonopolyConsole.Test", "MonopolyConsole.Test\MonopolyConsole.Test.csproj", "{D9A7A074-33BC-FF2B-4F28-F5FAA3C2FEF8}"
EndProject
Global
	GlobalSection(SolutionConfigurationPlatforms) = preSolution
		Debug|Any CPU = Debug|Any CPU
		Release|Any CPU = Release|Any CPU
	EndGlobalSection
	GlobalSection(ProjectConfigurationPlatforms) = postSolution
		{A2664527-722F-45EF-AD67-84DBE07BACCD}.Debug|Any CPU.ActiveCfg = Debug|Any CPU
		{A2664527-722F-45EF-AD67-84DBE07BACCD}.Debug|Any CPU.Build.0 = Debug|Any CPU
		{A2664527-722F-45EF-AD67-84DBE07BACCD}.Release|Any CPU.ActiveCfg = Release|Any CPU
		{A2664527-722F-45EF-AD67-84DBE07BACCD}.Release|Any CPU.Build.0 = Release|Any CPU
		{34CC1689-AD3D-4DB8-9F7D-9A1C6CD05151}.Debug|Any CPU.ActiveCfg = Debug|Any CPU
		{34CC1689-AD3D-4DB8-9F7D-9A1C6CD05151}.Debug|Any CPU.Build.0 = Debug|Any CPU
		{34CC1689-AD3D-4DB8-9F7D-9A1C6CD05151}.Release|Any CPU.ActiveCfg = Release|Any CPU
		{34CC1689-AD3D-4DB8-9F7D-9A1C6CD05151}.Release|Any CPU.Build.0 = Release|Any CPU
		{CA920815-5D74-456B-AFC4-44D5959AC469}.Debug|Any CPU.ActiveCfg = Debug|Any CPU
		{CA920815-5D74-456B-AFC4-44D5959AC469}.Debug|Any CPU.Build.0 = Debug|Any CPU
		{CA920815-5D74-456B-AFC4-44D5959AC469}.Release|Any CPU.ActiveCfg = Release|Any CPU
		{CA920815-5D74-456B-AFC4-44D5959AC469}.Release|Any CPU.Build.0 = Release|Any CPU
		{E2D812F8-9C8C-43D2-9080-93EC53CEA587}.Debug|Any CPU.ActiveCfg = Debug|Any CPU
		{E2D812F8-9C8C-43D2-9080-93EC53CEA587}.Debug|Any CPU.Build.0 = Debug|Any CPU
		{E2D812F8-9C8C-43D2-9080-93EC53CEA587}.Release|Any CPU.ActiveCfg = Release|Any CPU
		{E2D812F8-9C8C-43D2-9080-93EC53CEA587}.Release|Any CPU.Build.0 = Release|Any CPU
		{D9A7A074-33BC-FF2B-4F28-F5FAA3C2FEF8}.Debug|Any CPU.ActiveCfg = Debug|Any CPU
		{D9A7A074-33BC-FF2B-4F28-F5FAA3C2FEF8}.Debug|Any CPU.Build.0 = Debug|Any CPU
		{D9A7A074-33BC-FF2B-4F28-F5FAA3C2FEF8}.Release|Any CPU.ActiveCfg = Release|Any CPU
		{D9A7A074-33BC-FF2B-4F28-F5FAA3C2FEF8}.Release|Any CPU.Build.0 = Release|Any CPU
	EndGlobalSection
	GlobalSection(SolutionProperties) = preSolution
		HideSolutionNode = FALSE
	EndGlobalSection
	GlobalSection(ExtensibilityGlobals) = postSolution
		SolutionGuid = {882290B2-FDD3-46DD-8ADF-1E8BD9E404A8}
	EndGlobalSection
EndGlobal
